
Microsoft Visual Studio Solution File, Format Version 12.00
# Visual Studio Version 16
VisualStudioVersion = 25.0.1706.4
MinimumVisualStudioVersion = 10.0.40219.1
Project("{FAE04EC0-301F-11D3-BF4B-00C04F79EFBC}") = "SwinAdventureTest", "SwinAdventureTest\SwinAdventureTest.csproj", "{760C84CC-1B6F-4C47-B1C7-B126608295A4}"
EndProject
Project("{FAE04EC0-301F-11D3-BF4B-00C04F79EFBC}") = "SwinAdventure", "..\..\SwinAdventureTotal\GameObject\SwinAdventure.csproj", "{90D39C44-C1F3-4448-B7EB-A375CF75EE1D}"
EndProject
Global
	GlobalSection(SolutionConfigurationPlatforms) = preSolution
		Debug|Any CPU = Debug|Any CPU
		Release|Any CPU = Release|Any CPU
	EndGlobalSection
	GlobalSection(ProjectConfigurationPlatforms) = postSolution
		{760C84CC-1B6F-4C47-B1C7-B126608295A4}.Debug|Any CPU.ActiveCfg = Debug|Any CPU
		{760C84CC-1B6F-4C47-B1C7-B126608295A4}.Debug|Any CPU.Build.0 = Debug|Any CPU
		{760C84CC-1B6F-4C47-B1C7-B126608295A4}.Release|Any CPU.ActiveCfg = Release|Any CPU
		{760C84CC-1B6F-4C47-B1C7-B126608295A4}.Release|Any CPU.Build.0 = Release|Any CPU
		{90D39C44-C1F3-4448-B7EB-A375CF75EE1D}.Debug|Any CPU.ActiveCfg = Debug|Any CPU
		{90D39C44-C1F3-4448-B7EB-A375CF75EE1D}.Debug|Any CPU.Build.0 = Debug|Any CPU
		{90D39C44-C1F3-4448-B7EB-A375CF75EE1D}.Release|Any CPU.ActiveCfg = Release|Any CPU
		{90D39C44-C1F3-4448-B7EB-A375CF75EE1D}.Release|Any CPU.Build.0 = Release|Any CPU
	EndGlobalSection
	GlobalSection(SolutionProperties) = preSolution
		HideSolutionNode = FALSE
	EndGlobalSection
	GlobalSection(ExtensibilityGlobals) = postSolution
		SolutionGuid = {E58F7F8B-79AD-4490-A7DA-D1CCBD90616F}
	EndGlobalSection
EndGlobal
