
Microsoft Visual Studio Solution File, Format Version 12.00
# Visual Studio Version 16
VisualStudioVersion = 25.0.1706.1
MinimumVisualStudioVersion = 10.0.40219.1
Project("{FAE04EC0-301F-11D3-BF4B-00C04F79EFBC}") = "_3_3P___Drawing_Program", "_3_3P___Drawing_Program.csproj", "{8EA9DE56-5D12-4EE3-9054-281C890FC54D}"
EndProject
Global
	GlobalSection(SolutionConfigurationPlatforms) = preSolution
		Debug|Any CPU = Debug|Any CPU
		Release|Any CPU = Release|Any CPU
	EndGlobalSection
	GlobalSection(ProjectConfigurationPlatforms) = postSolution
		{8EA9DE56-5D12-4EE3-9054-281C890FC54D}.Debug|Any CPU.ActiveCfg = Debug|Any CPU
		{8EA9DE56-5D12-4EE3-9054-281C890FC54D}.Debug|Any CPU.Build.0 = Debug|Any CPU
		{8EA9DE56-5D12-4EE3-9054-281C890FC54D}.Release|Any CPU.ActiveCfg = Release|Any CPU
		{8EA9DE56-5D12-4EE3-9054-281C890FC54D}.Release|Any CPU.Build.0 = Release|Any CPU
	EndGlobalSection
	GlobalSection(SolutionProperties) = preSolution
		HideSolutionNode = FALSE
	EndGlobalSection
	GlobalSection(ExtensibilityGlobals) = postSolution
		SolutionGuid = {3CDCFF4A-2324-4891-938E-89EFB891EE1F}
	EndGlobalSection
EndGlobal
