
Microsoft Visual Studio Solution File, Format Version 12.00
# Visual Studio Version 16
VisualStudioVersion = 25.0.1706.1
MinimumVisualStudioVersion = 10.0.40219.1
Project("{FAE04EC0-301F-11D3-BF4B-00C04F79EFBC}") = "DrawingMultipleShape", "DrawingMultipleShape.csproj", "{0765575F-2276-4A53-AF05-6C0AE4D0D171}"
EndProject
Global
	GlobalSection(SolutionConfigurationPlatforms) = preSolution
		Debug|Any CPU = Debug|Any CPU
		Release|Any CPU = Release|Any CPU
	EndGlobalSection
	GlobalSection(ProjectConfigurationPlatforms) = postSolution
		{0765575F-2276-4A53-AF05-6C0AE4D0D171}.Debug|Any CPU.ActiveCfg = Debug|Any CPU
		{0765575F-2276-4A53-AF05-6C0AE4D0D171}.Debug|Any CPU.Build.0 = Debug|Any CPU
		{0765575F-2276-4A53-AF05-6C0AE4D0D171}.Release|Any CPU.ActiveCfg = Release|Any CPU
		{0765575F-2276-4A53-AF05-6C0AE4D0D171}.Release|Any CPU.Build.0 = Release|Any CPU
	EndGlobalSection
	GlobalSection(SolutionProperties) = preSolution
		HideSolutionNode = FALSE
	EndGlobalSection
	GlobalSection(ExtensibilityGlobals) = postSolution
		SolutionGuid = {16430ADE-3186-49B4-A02E-21FFD6539FB6}
	EndGlobalSection
EndGlobal
