
Microsoft Visual Studio Solution File, Format Version 12.00
# Visual Studio Version 16
VisualStudioVersion = 25.0.1706.2
MinimumVisualStudioVersion = 10.0.40219.1
Project("{FAE04EC0-301F-11D3-BF4B-00C04F79EFBC}") = "NUnitTemplate", "NUnitTemplate\NUnitTemplate.csproj", "{23B453BA-87E9-485B-8E98-242ACBF49B44}"
EndProject
Global
	GlobalSection(SolutionConfigurationPlatforms) = preSolution
		Debug|Any CPU = Debug|Any CPU
		Release|Any CPU = Release|Any CPU
	EndGlobalSection
	GlobalSection(ProjectConfigurationPlatforms) = postSolution
		{23B453BA-87E9-485B-8E98-242ACBF49B44}.Debug|Any CPU.ActiveCfg = Debug|Any CPU
		{23B453BA-87E9-485B-8E98-242ACBF49B44}.Debug|Any CPU.Build.0 = Debug|Any CPU
		{23B453BA-87E9-485B-8E98-242ACBF49B44}.Release|Any CPU.ActiveCfg = Release|Any CPU
		{23B453BA-87E9-485B-8E98-242ACBF49B44}.Release|Any CPU.Build.0 = Release|Any CPU
	EndGlobalSection
	GlobalSection(SolutionProperties) = preSolution
		HideSolutionNode = FALSE
	EndGlobalSection
	GlobalSection(ExtensibilityGlobals) = postSolution
		SolutionGuid = {AA4C24B1-064B-42BF-B929-A672BBE744B0}
	EndGlobalSection
EndGlobal
