
Microsoft Visual Studio Solution File, Format Version 12.00
# Visual Studio Version 16
VisualStudioVersion = 25.0.1706.1
MinimumVisualStudioVersion = 10.0.40219.1
Project("{FAE04EC0-301F-11D3-BF4B-00C04F79EFBC}") = "IdentifiableObjectTest", "SwinAdventure\IdentifiableObjectTest.csproj", "{8CE4C69D-E510-45A5-BFC7-ED6169877629}"
EndProject
Project("{FAE04EC0-301F-11D3-BF4B-00C04F79EFBC}") = "IdentifiableObject", "IdentifiableObject\IdentifiableObject.csproj", "{3495EABE-D5AE-477F-96B9-9AB4F44E9A7B}"
EndProject
Global
	GlobalSection(SolutionConfigurationPlatforms) = preSolution
		Debug|Any CPU = Debug|Any CPU
		Release|Any CPU = Release|Any CPU
	EndGlobalSection
	GlobalSection(ProjectConfigurationPlatforms) = postSolution
		{8CE4C69D-E510-45A5-BFC7-ED6169877629}.Debug|Any CPU.ActiveCfg = Debug|Any CPU
		{8CE4C69D-E510-45A5-BFC7-ED6169877629}.Debug|Any CPU.Build.0 = Debug|Any CPU
		{8CE4C69D-E510-45A5-BFC7-ED6169877629}.Release|Any CPU.ActiveCfg = Release|Any CPU
		{8CE4C69D-E510-45A5-BFC7-ED6169877629}.Release|Any CPU.Build.0 = Release|Any CPU
		{3495EABE-D5AE-477F-96B9-9AB4F44E9A7B}.Debug|Any CPU.ActiveCfg = Debug|Any CPU
		{3495EABE-D5AE-477F-96B9-9AB4F44E9A7B}.Debug|Any CPU.Build.0 = Debug|Any CPU
		{3495EABE-D5AE-477F-96B9-9AB4F44E9A7B}.Release|Any CPU.ActiveCfg = Release|Any CPU
		{3495EABE-D5AE-477F-96B9-9AB4F44E9A7B}.Release|Any CPU.Build.0 = Release|Any CPU
	EndGlobalSection
	GlobalSection(SolutionProperties) = preSolution
		HideSolutionNode = FALSE
	EndGlobalSection
	GlobalSection(ExtensibilityGlobals) = postSolution
		SolutionGuid = {267A0D89-B640-4479-AAF0-F6FDBB1BD3D6}
	EndGlobalSection
EndGlobal
