
Microsoft Visual Studio Solution File, Format Version 12.00
# Visual Studio Version 16
VisualStudioVersion = 25.0.1706.2
MinimumVisualStudioVersion = 10.0.40219.1
Project("{FAE04EC0-301F-11D3-BF4B-00C04F79EFBC}") = "Test", "SwinAdventure\Test.csproj", "{F2906A05-B7E3-446F-A0E6-DC3F776A595F}"
EndProject
Project("{FAE04EC0-301F-11D3-BF4B-00C04F79EFBC}") = "IdentifiableObject", "..\..\2.4P - Case Study Iteration 1\SwinAdventure\IdentifiableObject\IdentifiableObject.csproj", "{EABBFD7D-EBA3-4315-919E-1DD34FEF7C2F}"
EndProject
Project("{FAE04EC0-301F-11D3-BF4B-00C04F79EFBC}") = "SwinAdventure", "GameObject\SwinAdventure.csproj", "{EBAC186A-8753-446E-BE41-4967F66B3567}"
EndProject
Project("{FAE04EC0-301F-11D3-BF4B-00C04F79EFBC}") = "IdentifiableObjectTest", "..\..\2.4P - Case Study Iteration 1\SwinAdventure\SwinAdventure\IdentifiableObjectTest.csproj", "{625CB7F1-0A7A-4FA2-BD2C-A76F657372A1}"
EndProject
Global
	GlobalSection(SolutionConfigurationPlatforms) = preSolution
		Debug|Any CPU = Debug|Any CPU
		Release|Any CPU = Release|Any CPU
	EndGlobalSection
	GlobalSection(ProjectConfigurationPlatforms) = postSolution
		{F2906A05-B7E3-446F-A0E6-DC3F776A595F}.Debug|Any CPU.ActiveCfg = Debug|Any CPU
		{F2906A05-B7E3-446F-A0E6-DC3F776A595F}.Debug|Any CPU.Build.0 = Debug|Any CPU
		{F2906A05-B7E3-446F-A0E6-DC3F776A595F}.Release|Any CPU.ActiveCfg = Release|Any CPU
		{F2906A05-B7E3-446F-A0E6-DC3F776A595F}.Release|Any CPU.Build.0 = Release|Any CPU
		{EABBFD7D-EBA3-4315-919E-1DD34FEF7C2F}.Debug|Any CPU.ActiveCfg = Debug|Any CPU
		{EABBFD7D-EBA3-4315-919E-1DD34FEF7C2F}.Debug|Any CPU.Build.0 = Debug|Any CPU
		{EABBFD7D-EBA3-4315-919E-1DD34FEF7C2F}.Release|Any CPU.ActiveCfg = Release|Any CPU
		{EABBFD7D-EBA3-4315-919E-1DD34FEF7C2F}.Release|Any CPU.Build.0 = Release|Any CPU
		{EBAC186A-8753-446E-BE41-4967F66B3567}.Debug|Any CPU.ActiveCfg = Debug|Any CPU
		{EBAC186A-8753-446E-BE41-4967F66B3567}.Debug|Any CPU.Build.0 = Debug|Any CPU
		{EBAC186A-8753-446E-BE41-4967F66B3567}.Release|Any CPU.ActiveCfg = Release|Any CPU
		{EBAC186A-8753-446E-BE41-4967F66B3567}.Release|Any CPU.Build.0 = Release|Any CPU
		{625CB7F1-0A7A-4FA2-BD2C-A76F657372A1}.Debug|Any CPU.ActiveCfg = Debug|Any CPU
		{625CB7F1-0A7A-4FA2-BD2C-A76F657372A1}.Debug|Any CPU.Build.0 = Debug|Any CPU
		{625CB7F1-0A7A-4FA2-BD2C-A76F657372A1}.Release|Any CPU.ActiveCfg = Release|Any CPU
		{625CB7F1-0A7A-4FA2-BD2C-A76F657372A1}.Release|Any CPU.Build.0 = Release|Any CPU
	EndGlobalSection
	GlobalSection(SolutionProperties) = preSolution
		HideSolutionNode = FALSE
	EndGlobalSection
	GlobalSection(ExtensibilityGlobals) = postSolution
		SolutionGuid = {6FEC5222-F704-4F4F-B4C5-AF2EACD56BD0}
	EndGlobalSection
EndGlobal
