
Microsoft Visual Studio Solution File, Format Version 12.00
# Visual Studio Version 16
VisualStudioVersion = 25.0.1706.2
MinimumVisualStudioVersion = 10.0.40219.1
Project("{FAE04EC0-301F-11D3-BF4B-00C04F79EFBC}") = "SwinAdventureTest", "SwinAdventure\SwinAdventureTest.csproj", "{5033980F-C6EA-4E4C-B485-E12D117D714F}"
EndProject
Project("{FAE04EC0-301F-11D3-BF4B-00C04F79EFBC}") = "SwinAdventure", "..\..\4.2P - Case Study Iteration 2\SwinAdventure\GameObject\SwinAdventure.csproj", "{E662AD38-9BF0-4430-B513-3EAB1C235E82}"
EndProject
Global
	GlobalSection(SolutionConfigurationPlatforms) = preSolution
		Debug|Any CPU = Debug|Any CPU
		Release|Any CPU = Release|Any CPU
	EndGlobalSection
	GlobalSection(ProjectConfigurationPlatforms) = postSolution
		{5033980F-C6EA-4E4C-B485-E12D117D714F}.Debug|Any CPU.ActiveCfg = Debug|Any CPU
		{5033980F-C6EA-4E4C-B485-E12D117D714F}.Debug|Any CPU.Build.0 = Debug|Any CPU
		{5033980F-C6EA-4E4C-B485-E12D117D714F}.Release|Any CPU.ActiveCfg = Release|Any CPU
		{5033980F-C6EA-4E4C-B485-E12D117D714F}.Release|Any CPU.Build.0 = Release|Any CPU
		{E662AD38-9BF0-4430-B513-3EAB1C235E82}.Debug|Any CPU.ActiveCfg = Debug|Any CPU
		{E662AD38-9BF0-4430-B513-3EAB1C235E82}.Debug|Any CPU.Build.0 = Debug|Any CPU
		{E662AD38-9BF0-4430-B513-3EAB1C235E82}.Release|Any CPU.ActiveCfg = Release|Any CPU
		{E662AD38-9BF0-4430-B513-3EAB1C235E82}.Release|Any CPU.Build.0 = Release|Any CPU
	EndGlobalSection
	GlobalSection(SolutionProperties) = preSolution
		HideSolutionNode = FALSE
	EndGlobalSection
	GlobalSection(ExtensibilityGlobals) = postSolution
		SolutionGuid = {BE1916B3-2BAB-41A5-9E76-2EED379FE25C}
	EndGlobalSection
EndGlobal
