
Microsoft Visual Studio Solution File, Format Version 12.00
# Visual Studio Version 16
VisualStudioVersion = 25.0.1706.2
MinimumVisualStudioVersion = 10.0.40219.1
Project("{FAE04EC0-301F-11D3-BF4B-00C04F79EFBC}") = "SwinAdventureTest", "SwinAdventure\SwinAdventureTest.csproj", "{5033980F-C6EA-4E4C-B485-E12D117D714F}"
EndProject
Project("{FAE04EC0-301F-11D3-BF4B-00C04F79EFBC}") = "SwinAdventure", "..\..\SwinAdventureTotal\GameObject\SwinAdventure.csproj", "{0F3789E7-68EA-4A57-88A0-1DF83B122C38}"
EndProject
Global
	GlobalSection(SolutionConfigurationPlatforms) = preSolution
		Debug|Any CPU = Debug|Any CPU
		Release|Any CPU = Release|Any CPU
	EndGlobalSection
	GlobalSection(ProjectConfigurationPlatforms) = postSolution
		{5033980F-C6EA-4E4C-B485-E12D117D714F}.Debug|Any CPU.ActiveCfg = Debug|Any CPU
		{5033980F-C6EA-4E4C-B485-E12D117D714F}.Debug|Any CPU.Build.0 = Debug|Any CPU
		{5033980F-C6EA-4E4C-B485-E12D117D714F}.Release|Any CPU.ActiveCfg = Release|Any CPU
		{5033980F-C6EA-4E4C-B485-E12D117D714F}.Release|Any CPU.Build.0 = Release|Any CPU
		{0F3789E7-68EA-4A57-88A0-1DF83B122C38}.Debug|Any CPU.ActiveCfg = Debug|Any CPU
		{0F3789E7-68EA-4A57-88A0-1DF83B122C38}.Debug|Any CPU.Build.0 = Debug|Any CPU
		{0F3789E7-68EA-4A57-88A0-1DF83B122C38}.Release|Any CPU.ActiveCfg = Release|Any CPU
		{0F3789E7-68EA-4A57-88A0-1DF83B122C38}.Release|Any CPU.Build.0 = Release|Any CPU
	EndGlobalSection
	GlobalSection(SolutionProperties) = preSolution
		HideSolutionNode = FALSE
	EndGlobalSection
	GlobalSection(ExtensibilityGlobals) = postSolution
		SolutionGuid = {BE1916B3-2BAB-41A5-9E76-2EED379FE25C}
	EndGlobalSection
EndGlobal
